
Microsoft Visual Studio Solution File, Format Version 12.00
# Visual Studio Version 17
VisualStudioVersion = 17.2.32630.192
MinimumVisualStudioVersion = 10.0.40219.1
Project("{FAE04EC0-301F-11D3-BF4B-00C04F79EFBC}") = "NoBleyzer", "NoBleyzer\NoBleyzer.csproj", "{78CD47D9-4898-443F-BA20-DD1CC7F80227}"
EndProject
Global
	GlobalSection(SolutionConfigurationPlatforms) = preSolution
		Debug|Any CPU = Debug|Any CPU
		Release|Any CPU = Release|Any CPU
	EndGlobalSection
	GlobalSection(ProjectConfigurationPlatforms) = postSolution
		{78CD47D9-4898-443F-BA20-DD1CC7F80227}.Debug|Any CPU.ActiveCfg = Debug|Any CPU
		{78CD47D9-4898-443F-BA20-DD1CC7F80227}.Debug|Any CPU.Build.0 = Debug|Any CPU
		{78CD47D9-4898-443F-BA20-DD1CC7F80227}.Release|Any CPU.ActiveCfg = Release|Any CPU
		{78CD47D9-4898-443F-BA20-DD1CC7F80227}.Release|Any CPU.Build.0 = Release|Any CPU
	EndGlobalSection
	GlobalSection(SolutionProperties) = preSolution
		HideSolutionNode = FALSE
	EndGlobalSection
	GlobalSection(ExtensibilityGlobals) = postSolution
		SolutionGuid = {6BBC8485-0B72-4FCE-B580-2D2787AB4CE9}
	EndGlobalSection
EndGlobal
